
Microsoft Visual Studio Solution File, Format Version 12.00
# Visual Studio Version 17
VisualStudioVersion = 17.0.31903.59
MinimumVisualStudioVersion = 10.0.40219.1
Project("{FAE04EC0-301F-11D3-BF4B-00C04F79EFBC}") = "API", "API\API.csproj", "{7CB4C016-9025-4992-BF83-5C712D0C2A57}"
EndProject
Project("{FAE04EC0-301F-11D3-BF4B-00C04F79EFBC}") = "Application", "Application\Application.csproj", "{4771180C-CA80-4931-9426-B91BA5449542}"
EndProject
Project("{FAE04EC0-301F-11D3-BF4B-00C04F79EFBC}") = "Domain", "Domain\Domain.csproj", "{94598E3B-C8F9-418E-9820-15E4ED0A3174}"
EndProject
Project("{FAE04EC0-301F-11D3-BF4B-00C04F79EFBC}") = "Persistence", "Persistence\Persistence.csproj", "{8BC03A21-C798-4D5E-BD54-EAAB062A9686}"
EndProject
Global
	GlobalSection(SolutionConfigurationPlatforms) = preSolution
		Debug|Any CPU = Debug|Any CPU
		Debug|x64 = Debug|x64
		Debug|x86 = Debug|x86
		Release|Any CPU = Release|Any CPU
		Release|x64 = Release|x64
		Release|x86 = Release|x86
	EndGlobalSection
	GlobalSection(ProjectConfigurationPlatforms) = postSolution
		{7CB4C016-9025-4992-BF83-5C712D0C2A57}.Debug|Any CPU.ActiveCfg = Debug|Any CPU
		{7CB4C016-9025-4992-BF83-5C712D0C2A57}.Debug|Any CPU.Build.0 = Debug|Any CPU
		{7CB4C016-9025-4992-BF83-5C712D0C2A57}.Debug|x64.ActiveCfg = Debug|Any CPU
		{7CB4C016-9025-4992-BF83-5C712D0C2A57}.Debug|x64.Build.0 = Debug|Any CPU
		{7CB4C016-9025-4992-BF83-5C712D0C2A57}.Debug|x86.ActiveCfg = Debug|Any CPU
		{7CB4C016-9025-4992-BF83-5C712D0C2A57}.Debug|x86.Build.0 = Debug|Any CPU
		{7CB4C016-9025-4992-BF83-5C712D0C2A57}.Release|Any CPU.ActiveCfg = Release|Any CPU
		{7CB4C016-9025-4992-BF83-5C712D0C2A57}.Release|Any CPU.Build.0 = Release|Any CPU
		{7CB4C016-9025-4992-BF83-5C712D0C2A57}.Release|x64.ActiveCfg = Release|Any CPU
		{7CB4C016-9025-4992-BF83-5C712D0C2A57}.Release|x64.Build.0 = Release|Any CPU
		{7CB4C016-9025-4992-BF83-5C712D0C2A57}.Release|x86.ActiveCfg = Release|Any CPU
		{7CB4C016-9025-4992-BF83-5C712D0C2A57}.Release|x86.Build.0 = Release|Any CPU
		{4771180C-CA80-4931-9426-B91BA5449542}.Debug|Any CPU.ActiveCfg = Debug|Any CPU
		{4771180C-CA80-4931-9426-B91BA5449542}.Debug|Any CPU.Build.0 = Debug|Any CPU
		{4771180C-CA80-4931-9426-B91BA5449542}.Debug|x64.ActiveCfg = Debug|Any CPU
		{4771180C-CA80-4931-9426-B91BA5449542}.Debug|x64.Build.0 = Debug|Any CPU
		{4771180C-CA80-4931-9426-B91BA5449542}.Debug|x86.ActiveCfg = Debug|Any CPU
		{4771180C-CA80-4931-9426-B91BA5449542}.Debug|x86.Build.0 = Debug|Any CPU
		{4771180C-CA80-4931-9426-B91BA5449542}.Release|Any CPU.ActiveCfg = Release|Any CPU
		{4771180C-CA80-4931-9426-B91BA5449542}.Release|Any CPU.Build.0 = Release|Any CPU
		{4771180C-CA80-4931-9426-B91BA5449542}.Release|x64.ActiveCfg = Release|Any CPU
		{4771180C-CA80-4931-9426-B91BA5449542}.Release|x64.Build.0 = Release|Any CPU
		{4771180C-CA80-4931-9426-B91BA5449542}.Release|x86.ActiveCfg = Release|Any CPU
		{4771180C-CA80-4931-9426-B91BA5449542}.Release|x86.Build.0 = Release|Any CPU
		{94598E3B-C8F9-418E-9820-15E4ED0A3174}.Debug|Any CPU.ActiveCfg = Debug|Any CPU
		{94598E3B-C8F9-418E-9820-15E4ED0A3174}.Debug|Any CPU.Build.0 = Debug|Any CPU
		{94598E3B-C8F9-418E-9820-15E4ED0A3174}.Debug|x64.ActiveCfg = Debug|Any CPU
		{94598E3B-C8F9-418E-9820-15E4ED0A3174}.Debug|x64.Build.0 = Debug|Any CPU
		{94598E3B-C8F9-418E-9820-15E4ED0A3174}.Debug|x86.ActiveCfg = Debug|Any CPU
		{94598E3B-C8F9-418E-9820-15E4ED0A3174}.Debug|x86.Build.0 = Debug|Any CPU
		{94598E3B-C8F9-418E-9820-15E4ED0A3174}.Release|Any CPU.ActiveCfg = Release|Any CPU
		{94598E3B-C8F9-418E-9820-15E4ED0A3174}.Release|Any CPU.Build.0 = Release|Any CPU
		{94598E3B-C8F9-418E-9820-15E4ED0A3174}.Release|x64.ActiveCfg = Release|Any CPU
		{94598E3B-C8F9-418E-9820-15E4ED0A3174}.Release|x64.Build.0 = Release|Any CPU
		{94598E3B-C8F9-418E-9820-15E4ED0A3174}.Release|x86.ActiveCfg = Release|Any CPU
		{94598E3B-C8F9-418E-9820-15E4ED0A3174}.Release|x86.Build.0 = Release|Any CPU
		{8BC03A21-C798-4D5E-BD54-EAAB062A9686}.Debug|Any CPU.ActiveCfg = Debug|Any CPU
		{8BC03A21-C798-4D5E-BD54-EAAB062A9686}.Debug|Any CPU.Build.0 = Debug|Any CPU
		{8BC03A21-C798-4D5E-BD54-EAAB062A9686}.Debug|x64.ActiveCfg = Debug|Any CPU
		{8BC03A21-C798-4D5E-BD54-EAAB062A9686}.Debug|x64.Build.0 = Debug|Any CPU
		{8BC03A21-C798-4D5E-BD54-EAAB062A9686}.Debug|x86.ActiveCfg = Debug|Any CPU
		{8BC03A21-C798-4D5E-BD54-EAAB062A9686}.Debug|x86.Build.0 = Debug|Any CPU
		{8BC03A21-C798-4D5E-BD54-EAAB062A9686}.Release|Any CPU.ActiveCfg = Release|Any CPU
		{8BC03A21-C798-4D5E-BD54-EAAB062A9686}.Release|Any CPU.Build.0 = Release|Any CPU
		{8BC03A21-C798-4D5E-BD54-EAAB062A9686}.Release|x64.ActiveCfg = Release|Any CPU
		{8BC03A21-C798-4D5E-BD54-EAAB062A9686}.Release|x64.Build.0 = Release|Any CPU
		{8BC03A21-C798-4D5E-BD54-EAAB062A9686}.Release|x86.ActiveCfg = Release|Any CPU
		{8BC03A21-C798-4D5E-BD54-EAAB062A9686}.Release|x86.Build.0 = Release|Any CPU
	EndGlobalSection
	GlobalSection(SolutionProperties) = preSolution
		HideSolutionNode = FALSE
	EndGlobalSection
EndGlobal
